{
    "_readme": [
        "This file locks the dependencies of your project to a known state",
        "Read more about it at https://getcomposer.org/doc/01-basic-usage.md#installing-dependencies",
        "This file is @generated automatically"
    ],
    "content-hash": "9508840fd26429eebcad3bae808edcb0",
    "packages": [
        {
            "name": "ralouphie/getallheaders",
            "version": "3.0.3",
            "source": {
                "type": "git",
                "url": "https://github.com/ralouphie/getallheaders.git",
                "reference": "120b605dfeb996808c31b6477290a714d356e822"
            },
            "dist": {
                "type": "zip",
                "url": "https://api.github.com/repos/ralouphie/getallheaders/zipball/120b605dfeb996808c31b6477290a714d356e822",
                "reference": "120b605dfeb996808c31b6477290a714d356e822",
                "shasum": ""
            },
            "require": {
                "php": ">=5.6"
            },
            "require-dev": {
                "php-coveralls/php-coveralls": "^2.1",
                "phpunit/phpunit": "^5 || ^6.5"
            },
            "type": "library",
            "autoload": {
                "files": [
                    "src/getallheaders.php"
                ]
            },
            "notification-url": "https://packagist.org/downloads/",
            "license": [
                "MIT"
            ],
            "authors": [
                {
                    "name": "Ralph Khattar",
                    "email": "ralph.khattar@gmail.com"
                }
            ],
            "description": "A polyfill for getallheaders.",
            "support": {
                "issues": "https://github.com/ralouphie/getallheaders/issues",
                "source": "https://github.com/ralouphie/getallheaders/tree/develop"
            },
            "time": "2019-03-08T08:55:37+00:00"
        },
        {
            "name": "william-costa/dot-env",
            "version": "v0.1.0",
            "source": {
                "type": "git",
                "url": "https://github.com/william-costa/dot-env.git",
                "reference": "e5eb9b0384b57f2812215fab0e3853c16a4b368e"
            },
            "dist": {
                "type": "zip",
                "url": "https://api.github.com/repos/william-costa/dot-env/zipball/e5eb9b0384b57f2812215fab0e3853c16a4b368e",
                "reference": "e5eb9b0384b57f2812215fab0e3853c16a4b368e",
                "shasum": ""
            },
            "require": {
                "php": ">=7.0"
            },
            "type": "library",
            "autoload": {
                "psr-4": {
                    "WilliamCosta\\DotEnv\\": "src/"
                }
            },
            "notification-url": "https://packagist.org/downloads/",
            "license": [
                "GPL-3.0-or-later"
            ],
            "authors": [
                {
                    "name": "William Costa",
                    "email": "canalwdev@gmail.com"
                }
            ],
            "description": "A simple library for managing environment variables in PHP.",
            "support": {
                "issues": "https://github.com/william-costa/dot-env/issues",
                "source": "https://github.com/william-costa/dot-env/tree/v0.1.0"
            },
            "time": "2021-03-19T19:28:14+00:00"
        }
    ],
    "packages-dev": [],
    "aliases": [],
    "minimum-stability": "stable",
    "stability-flags": [],
    "prefer-stable": false,
    "prefer-lowest": false,
    "platform": [],
    "platform-dev": [],
    "plugin-api-version": "2.2.0"
}
